{
    "_meta": {
        "hash": {
            "sha256": "db63250d9ccef4043ce358e96158936bbdf48311fdaaa6720b37fdf97bfe511f"
        },
        "pipfile-spec": 6,
        "requires": {
            "python_version": "3.6"
        },
        "sources": [
            {
                "name": "pypi",
                "url": "https://pypi.org/simple",
                "verify_ssl": true
            }
        ]
    },
    "default": {
        "opi-gpio": {
            "hashes": [
                "sha256:0023c819c3e1e2f02b6b8aa13eb805d15a8ce72bf175cac177d42f089e7320ec"
            ],
            "index": "pypi",
            "version": "==0.3.4"
        },
        "python-decouple": {
            "hashes": [
                "sha256:1317df14b43efee4337a4aa02914bf004f010cd56d6c4bd894e6474ec8c4fe2d"
            ],
            "index": "pypi",
            "version": "==3.1"
        }
    },
    "develop": {}
}
